
Microsoft Visual Studio Solution File, Format Version 12.00
# Visual Studio Version 17
VisualStudioVersion = 17.6.33829.357
MinimumVisualStudioVersion = 10.0.40219.1
Project("{FAE04EC0-301F-11D3-BF4B-00C04F79EFBC}") = "meuprojetowf", "meuprojetowf\meuprojetowf.csproj", "{D869F29D-6405-4293-879C-7B67D296BD98}"
EndProject
Global
	GlobalSection(SolutionConfigurationPlatforms) = preSolution
		Debug|Any CPU = Debug|Any CPU
		Release|Any CPU = Release|Any CPU
	EndGlobalSection
	GlobalSection(ProjectConfigurationPlatforms) = postSolution
		{D869F29D-6405-4293-879C-7B67D296BD98}.Debug|Any CPU.ActiveCfg = Debug|Any CPU
		{D869F29D-6405-4293-879C-7B67D296BD98}.Debug|Any CPU.Build.0 = Debug|Any CPU
		{D869F29D-6405-4293-879C-7B67D296BD98}.Release|Any CPU.ActiveCfg = Release|Any CPU
		{D869F29D-6405-4293-879C-7B67D296BD98}.Release|Any CPU.Build.0 = Release|Any CPU
	EndGlobalSection
	GlobalSection(SolutionProperties) = preSolution
		HideSolutionNode = FALSE
	EndGlobalSection
	GlobalSection(ExtensibilityGlobals) = postSolution
		SolutionGuid = {A7BE025D-3563-465B-8798-03A202C0307A}
	EndGlobalSection
EndGlobal
